
Microsoft Visual Studio Solution File, Format Version 12.00
# Visual Studio Version 16
VisualStudioVersion = 25.0.1706.2
MinimumVisualStudioVersion = 10.0.40219.1
Project("{FAE04EC0-301F-11D3-BF4B-00C04F79EFBC}") = "Employes-manager", "Employes-manager\Employes-manager.csproj", "{E4BFE7DF-5F42-4192-AEEB-2A07FF834F7F}"
EndProject
Global
	GlobalSection(SolutionConfigurationPlatforms) = preSolution
		Debug|Any CPU = Debug|Any CPU
		Release|Any CPU = Release|Any CPU
	EndGlobalSection
	GlobalSection(ProjectConfigurationPlatforms) = postSolution
		{E4BFE7DF-5F42-4192-AEEB-2A07FF834F7F}.Debug|Any CPU.ActiveCfg = Debug|Any CPU
		{E4BFE7DF-5F42-4192-AEEB-2A07FF834F7F}.Debug|Any CPU.Build.0 = Debug|Any CPU
		{E4BFE7DF-5F42-4192-AEEB-2A07FF834F7F}.Release|Any CPU.ActiveCfg = Release|Any CPU
		{E4BFE7DF-5F42-4192-AEEB-2A07FF834F7F}.Release|Any CPU.Build.0 = Release|Any CPU
	EndGlobalSection
	GlobalSection(SolutionProperties) = preSolution
		HideSolutionNode = FALSE
	EndGlobalSection
	GlobalSection(ExtensibilityGlobals) = postSolution
		SolutionGuid = {DB3880C6-04CB-4A3A-A70E-4F910EBE251A}
	EndGlobalSection
EndGlobal
